
Microsoft Visual Studio Solution File, Format Version 12.00
# Visual Studio Version 17
VisualStudioVersion = 17.3.32901.215
MinimumVisualStudioVersion = 10.0.40219.1
Project("{FAE04EC0-301F-11D3-BF4B-00C04F79EFBC}") = "AspNetCoreMvcModalForm", "AspNetCoreMvcModalForm\AspNetCoreMvcModalForm.csproj", "{1D2E64F9-34EE-4029-B8C3-4CB228CCA7AE}"
EndProject
Project("{FAE04EC0-301F-11D3-BF4B-00C04F79EFBC}") = "AspNetCoreMvcModalForm.Business", "AspNetCoreMvcModalForm.Business\AspNetCoreMvcModalForm.Business.csproj", "{BE2BBB0F-7F18-45E3-9C44-D94550C62B77}"
EndProject
Project("{FAE04EC0-301F-11D3-BF4B-00C04F79EFBC}") = "AspNetCoreMvcModalForm.Data", "AspNetCoreMvcModalForm.Data\AspNetCoreMvcModalForm.Data.csproj", "{47984F7E-EE7F-431B-A371-A8F462156AD6}"
EndProject
Global
	GlobalSection(SolutionConfigurationPlatforms) = preSolution
		Debug|Any CPU = Debug|Any CPU
		Release|Any CPU = Release|Any CPU
	EndGlobalSection
	GlobalSection(ProjectConfigurationPlatforms) = postSolution
		{1D2E64F9-34EE-4029-B8C3-4CB228CCA7AE}.Debug|Any CPU.ActiveCfg = Debug|Any CPU
		{1D2E64F9-34EE-4029-B8C3-4CB228CCA7AE}.Debug|Any CPU.Build.0 = Debug|Any CPU
		{1D2E64F9-34EE-4029-B8C3-4CB228CCA7AE}.Release|Any CPU.ActiveCfg = Release|Any CPU
		{1D2E64F9-34EE-4029-B8C3-4CB228CCA7AE}.Release|Any CPU.Build.0 = Release|Any CPU
		{BE2BBB0F-7F18-45E3-9C44-D94550C62B77}.Debug|Any CPU.ActiveCfg = Debug|Any CPU
		{BE2BBB0F-7F18-45E3-9C44-D94550C62B77}.Debug|Any CPU.Build.0 = Debug|Any CPU
		{BE2BBB0F-7F18-45E3-9C44-D94550C62B77}.Release|Any CPU.ActiveCfg = Release|Any CPU
		{BE2BBB0F-7F18-45E3-9C44-D94550C62B77}.Release|Any CPU.Build.0 = Release|Any CPU
		{47984F7E-EE7F-431B-A371-A8F462156AD6}.Debug|Any CPU.ActiveCfg = Debug|Any CPU
		{47984F7E-EE7F-431B-A371-A8F462156AD6}.Debug|Any CPU.Build.0 = Debug|Any CPU
		{47984F7E-EE7F-431B-A371-A8F462156AD6}.Release|Any CPU.ActiveCfg = Release|Any CPU
		{47984F7E-EE7F-431B-A371-A8F462156AD6}.Release|Any CPU.Build.0 = Release|Any CPU
	EndGlobalSection
	GlobalSection(SolutionProperties) = preSolution
		HideSolutionNode = FALSE
	EndGlobalSection
	GlobalSection(ExtensibilityGlobals) = postSolution
		SolutionGuid = {60106A5F-1B39-487E-A255-069010CFD23A}
	EndGlobalSection
EndGlobal
